
Microsoft Visual Studio Solution File, Format Version 12.00
# Visual Studio Version 17
VisualStudioVersion = 17.14.37216.2 d17.14
MinimumVisualStudioVersion = 10.0.40219.1
Project("{FAE04EC0-301F-11D3-BF4B-00C04F79EFBC}") = "Review", "Review\Review.csproj", "{CAD28B5D-2F06-4F52-BBED-8DBC65D676DC}"
EndProject
Global
	GlobalSection(SolutionConfigurationPlatforms) = preSolution
		Debug|Any CPU = Debug|Any CPU
		Release|Any CPU = Release|Any CPU
	EndGlobalSection
	GlobalSection(ProjectConfigurationPlatforms) = postSolution
		{CAD28B5D-2F06-4F52-BBED-8DBC65D676DC}.Debug|Any CPU.ActiveCfg = Debug|Any CPU
		{CAD28B5D-2F06-4F52-BBED-8DBC65D676DC}.Debug|Any CPU.Build.0 = Debug|Any CPU
		{CAD28B5D-2F06-4F52-BBED-8DBC65D676DC}.Release|Any CPU.ActiveCfg = Release|Any CPU
		{CAD28B5D-2F06-4F52-BBED-8DBC65D676DC}.Release|Any CPU.Build.0 = Release|Any CPU
	EndGlobalSection
	GlobalSection(SolutionProperties) = preSolution
		HideSolutionNode = FALSE
	EndGlobalSection
	GlobalSection(ExtensibilityGlobals) = postSolution
		SolutionGuid = {B9681FAE-CD44-433C-9983-CD33E19AF020}
	EndGlobalSection
EndGlobal
